
Microsoft Visual Studio Solution File, Format Version 12.00
# Visual Studio Version 17
VisualStudioVersion = 17.0.31903.59
MinimumVisualStudioVersion = 10.0.40219.1
Project("{FAE04EC0-301F-11D3-BF4B-00C04F79EFBC}") = "Splitracker.Web", "Splitracker.Web\Splitracker.Web.csproj", "{F345273B-8E2B-43C6-8BCF-25C233F8A286}"
EndProject
Project("{FAE04EC0-301F-11D3-BF4B-00C04F79EFBC}") = "Splitracker.Domain", "Splitracker.Domain\Splitracker.Domain.csproj", "{74226988-18CF-4547-8191-284FD182556C}"
EndProject
Project("{FAE04EC0-301F-11D3-BF4B-00C04F79EFBC}") = "Splitracker.Persistence", "Splitracker.Persistence\Splitracker.Persistence.csproj", "{4C636D46-D59F-4BAC-A00D-A13B502BAE70}"
EndProject
Project("{FAE04EC0-301F-11D3-BF4B-00C04F79EFBC}") = "Klauser.Do.Infrastructure", "Klauser.Do.Infrastructure\Klauser.Do.Infrastructure.csproj", "{B657B98A-58D8-4843-96E5-B826DF09108C}"
EndProject
Project("{FAE04EC0-301F-11D3-BF4B-00C04F79EFBC}") = "Splitracker.Deploy", "Splitracker.Deploy\Splitracker.Deploy.csproj", "{FC0E176E-48EE-4890-A522-4615A723EA11}"
EndProject
Project("{FAE04EC0-301F-11D3-BF4B-00C04F79EFBC}") = "Klauser.Do.CertManager", "Klauser.Do.CertManager\Klauser.Do.CertManager.csproj", "{184EEDDB-1C29-4557-BE07-C5408C27EEDE}"
EndProject
Project("{FAE04EC0-301F-11D3-BF4B-00C04F79EFBC}") = "Splitracker.Persistence.Test", "Splitracker.Persistence.Test\Splitracker.Persistence.Test.csproj", "{D3EBCC29-19F5-496B-8CE7-A23E0D0AD163}"
EndProject
Global
	GlobalSection(SolutionConfigurationPlatforms) = preSolution
		Debug|Any CPU = Debug|Any CPU
		Release|Any CPU = Release|Any CPU
	EndGlobalSection
	GlobalSection(SolutionProperties) = preSolution
		HideSolutionNode = FALSE
	EndGlobalSection
	GlobalSection(ProjectConfigurationPlatforms) = postSolution
		{F345273B-8E2B-43C6-8BCF-25C233F8A286}.Debug|Any CPU.ActiveCfg = Debug|Any CPU
		{F345273B-8E2B-43C6-8BCF-25C233F8A286}.Debug|Any CPU.Build.0 = Debug|Any CPU
		{F345273B-8E2B-43C6-8BCF-25C233F8A286}.Release|Any CPU.ActiveCfg = Release|Any CPU
		{F345273B-8E2B-43C6-8BCF-25C233F8A286}.Release|Any CPU.Build.0 = Release|Any CPU
		{74226988-18CF-4547-8191-284FD182556C}.Debug|Any CPU.ActiveCfg = Debug|Any CPU
		{74226988-18CF-4547-8191-284FD182556C}.Debug|Any CPU.Build.0 = Debug|Any CPU
		{74226988-18CF-4547-8191-284FD182556C}.Release|Any CPU.ActiveCfg = Release|Any CPU
		{74226988-18CF-4547-8191-284FD182556C}.Release|Any CPU.Build.0 = Release|Any CPU
		{4C636D46-D59F-4BAC-A00D-A13B502BAE70}.Debug|Any CPU.ActiveCfg = Debug|Any CPU
		{4C636D46-D59F-4BAC-A00D-A13B502BAE70}.Debug|Any CPU.Build.0 = Debug|Any CPU
		{4C636D46-D59F-4BAC-A00D-A13B502BAE70}.Release|Any CPU.ActiveCfg = Release|Any CPU
		{4C636D46-D59F-4BAC-A00D-A13B502BAE70}.Release|Any CPU.Build.0 = Release|Any CPU
		{B657B98A-58D8-4843-96E5-B826DF09108C}.Debug|Any CPU.ActiveCfg = Debug|Any CPU
		{B657B98A-58D8-4843-96E5-B826DF09108C}.Debug|Any CPU.Build.0 = Debug|Any CPU
		{B657B98A-58D8-4843-96E5-B826DF09108C}.Release|Any CPU.ActiveCfg = Release|Any CPU
		{B657B98A-58D8-4843-96E5-B826DF09108C}.Release|Any CPU.Build.0 = Release|Any CPU
		{FC0E176E-48EE-4890-A522-4615A723EA11}.Debug|Any CPU.ActiveCfg = Debug|Any CPU
		{FC0E176E-48EE-4890-A522-4615A723EA11}.Debug|Any CPU.Build.0 = Debug|Any CPU
		{FC0E176E-48EE-4890-A522-4615A723EA11}.Release|Any CPU.ActiveCfg = Release|Any CPU
		{FC0E176E-48EE-4890-A522-4615A723EA11}.Release|Any CPU.Build.0 = Release|Any CPU
		{184EEDDB-1C29-4557-BE07-C5408C27EEDE}.Debug|Any CPU.ActiveCfg = Debug|Any CPU
		{184EEDDB-1C29-4557-BE07-C5408C27EEDE}.Debug|Any CPU.Build.0 = Debug|Any CPU
		{184EEDDB-1C29-4557-BE07-C5408C27EEDE}.Release|Any CPU.ActiveCfg = Release|Any CPU
		{184EEDDB-1C29-4557-BE07-C5408C27EEDE}.Release|Any CPU.Build.0 = Release|Any CPU
		{D3EBCC29-19F5-496B-8CE7-A23E0D0AD163}.Debug|Any CPU.ActiveCfg = Debug|Any CPU
		{D3EBCC29-19F5-496B-8CE7-A23E0D0AD163}.Debug|Any CPU.Build.0 = Debug|Any CPU
		{D3EBCC29-19F5-496B-8CE7-A23E0D0AD163}.Release|Any CPU.ActiveCfg = Release|Any CPU
		{D3EBCC29-19F5-496B-8CE7-A23E0D0AD163}.Release|Any CPU.Build.0 = Release|Any CPU
	EndGlobalSection
EndGlobal
